// !$*UTF8*$!
{
	archiveVersion = 1;
	classes = {
	};
	objectVersion = 46;
	objects = {

/* Begin PBXBuildFile section */
		C1EB16F61A117C56006616EB /* main.m in Sources */ = {isa = PBXBuildFile; fileRef = C1EB16F51A117C56006616EB /* main.m */; };
		C1EB16F91A117C56006616EB /* AppDelegate.m in Sources */ = {isa = PBXBuildFile; fileRef = C1EB16F81A117C56006616EB /* AppDelegate.m */; };
		C1EB16FC1A117C56006616EB /* MasterViewController.m in Sources */ = {isa = PBXBuildFile; fileRef = C1EB16FB1A117C56006616EB /* MasterViewController.m */; };
		C1EB16FF1A117C56006616EB /* DetailViewController.m in Sources */ = {isa = PBXBuildFile; fileRef = C1EB16FE1A117C56006616EB /* DetailViewController.m */; };
		C1EB17021A117C56006616EB /* Main.storyboard in Resources */ = {isa = PBXBuildFile; fileRef = C1EB17001A117C56006616EB /* Main.storyboard */; };
		C1EB17041A117C56006616EB /* Images.xcassets in Resources */ = {isa = PBXBuildFile; fileRef = C1EB17031A117C56006616EB /* Images.xcassets */; };
		C1EB17071A117C56006616EB /* LaunchScreen.xib in Resources */ = {isa = PBXBuildFile; fileRef = C1EB17051A117C56006616EB /* LaunchScreen.xib */; };
		C1EB17131A117C56006616EB /* Dial4Tests.m in Sources */ = {isa = PBXBuildFile; fileRef = C1EB17121A117C56006616EB /* Dial4Tests.m */; };
		C1EB171D1A11859B006616EB /* AddressBook.framework in Frameworks */ = {isa = PBXBuildFile; fileRef = C1EB171C1A11859B006616EB /* AddressBook.framework */; };
/* End PBXBuildFile section */

/* Begin PBXContainerItemProxy section */
		C1EB170D1A117C56006616EB /* PBXContainerItemProxy */ = {
			isa = PBXContainerItemProxy;
			containerPortal = C1EB16E81A117C56006616EB /* Project object */;
			proxyType = 1;
			remoteGlobalIDString = C1EB16EF1A117C56006616EB;
			remoteInfo = Dial4;
		};
/* End PBXContainerItemProxy section */

/* Begin PBXFileReference section */
		C1EB16F01A117C56006616EB /* Dial4.app */ = {isa = PBXFileReference; explicitFileType = wrapper.application; includeInIndex = 0; path = Dial4.app; sourceTree = BUILT_PRODUCTS_DIR; };
		C1EB16F41A117C56006616EB /* Info.plist */ = {isa = PBXFileReference; lastKnownFileType = text.plist.xml; path = Info.plist; sourceTree = "<group>"; };
		C1EB16F51A117C56006616EB /* main.m */ = {isa = PBXFileReference; lastKnownFileType = sourcecode.c.objc; path = main.m; sourceTree = "<group>"; };
		C1EB16F71A117C56006616EB /* AppDelegate.h */ = {isa = PBXFileReference; lastKnownFileType = sourcecode.c.h; path = AppDelegate.h; sourceTree = "<group>"; };
		C1EB16F81A117C56006616EB /* AppDelegate.m */ = {isa = PBXFileReference; lastKnownFileType = sourcecode.c.objc; path = AppDelegate.m; sourceTree = "<group>"; };
		C1EB16FA1A117C56006616EB /* MasterViewController.h */ = {isa = PBXFileReference; lastKnownFileType = sourcecode.c.h; path = MasterViewController.h; sourceTree = "<group>"; };
		C1EB16FB1A117C56006616EB /* MasterViewController.m */ = {isa = PBXFileReference; lastKnownFileType = sourcecode.c.objc; path = MasterViewController.m; sourceTree = "<group>"; };
		C1EB16FD1A117C56006616EB /* DetailViewController.h */ = {isa = PBXFileReference; lastKnownFileType = sourcecode.c.h; path = DetailViewController.h; sourceTree = "<group>"; };
		C1EB16FE1A117C56006616EB /* DetailViewController.m */ = {isa = PBXFileReference; lastKnownFileType = sourcecode.c.objc; path = DetailViewController.m; sourceTree = "<group>"; };
		C1EB17011A117C56006616EB /* Base */ = {isa = PBXFileReference; lastKnownFileType = file.storyboard; name = Base; path = Base.lproj/Main.storyboard; sourceTree = "<group>"; };
		C1EB17031A117C56006616EB /* Images.xcassets */ = {isa = PBXFileReference; lastKnownFileType = folder.assetcatalog; path = Images.xcassets; sourceTree = "<group>"; };
		C1EB17061A117C56006616EB /* Base */ = {isa = PBXFileReference; lastKnownFileType = file.xib; name = Base; path = Base.lproj/LaunchScreen.xib; sourceTree = "<group>"; };
		C1EB170C1A117C56006616EB /* Dial4Tests.xctest */ = {isa = PBXFileReference; explicitFileType = wrapper.cfbundle; includeInIndex = 0; path = Dial4Tests.xctest; sourceTree = BUILT_PRODUCTS_DIR; };
		C1EB17111A117C56006616EB /* Info.plist */ = {isa = PBXFileReference; lastKnownFileType = text.plist.xml; path = Info.plist; sourceTree = "<group>"; };
		C1EB17121A117C56006616EB /* Dial4Tests.m */ = {isa = PBXFileReference; lastKnownFileType = sourcecode.c.objc; path = Dial4Tests.m; sourceTree = "<group>"; };
		C1EB171C1A11859B006616EB /* AddressBook.framework */ = {isa = PBXFileReference; lastKnownFileType = wrapper.framework; name = AddressBook.framework; path = System/Library/Frameworks/AddressBook.framework; sourceTree = SDKROOT; };
/* End PBXFileReference section */

/* Begin PBXFrameworksBuildPhase section */
		C1EB16ED1A117C56006616EB /* Frameworks */ = {
			isa = PBXFrameworksBuildPhase;
			buildActionMask = 2147483647;
			files = (
				C1EB171D1A11859B006616EB /* AddressBook.framework in Frameworks */,
			);
			runOnlyForDeploymentPostprocessing = 0;
		};
		C1EB17091A117C56006616EB /* Frameworks */ = {
			isa = PBXFrameworksBuildPhase;
			buildActionMask = 2147483647;
			files = (
			);
			runOnlyForDeploymentPostprocessing = 0;
		};
/* End PBXFrameworksBuildPhase section */

/* Begin PBXGroup section */
		C1EB16E71A117C56006616EB = {
			isa = PBXGroup;
			children = (
				C1EB16F21A117C56006616EB /* Dial4 */,
				C1EB170F1A117C56006616EB /* Dial4Tests */,
				C1EB16F11A117C56006616EB /* Products */,
			);
			sourceTree = "<group>";
		};
		C1EB16F11A117C56006616EB /* Products */ = {
			isa = PBXGroup;
			children = (
				C1EB16F01A117C56006616EB /* Dial4.app */,
				C1EB170C1A117C56006616EB /* Dial4Tests.xctest */,
			);
			name = Products;
			sourceTree = "<group>";
		};
		C1EB16F21A117C56006616EB /* Dial4 */ = {
			isa = PBXGroup;
			children = (
				C1EB16F71A117C56006616EB /* AppDelegate.h */,
				C1EB16F81A117C56006616EB /* AppDelegate.m */,
				C1EB16FA1A117C56006616EB /* MasterViewController.h */,
				C1EB16FB1A117C56006616EB /* MasterViewController.m */,
				C1EB16FD1A117C56006616EB /* DetailViewController.h */,
				C1EB16FE1A117C56006616EB /* DetailViewController.m */,
				C1EB17001A117C56006616EB /* Main.storyboard */,
				C1EB17031A117C56006616EB /* Images.xcassets */,
				C1EB17051A117C56006616EB /* LaunchScreen.xib */,
				C1EB171C1A11859B006616EB /* AddressBook.framework */,
				C1EB16F31A117C56006616EB /* Supporting Files */,
			);
			path = Dial4;
			sourceTree = "<group>";
		};
		C1EB16F31A117C56006616EB /* Supporting Files */ = {
			isa = PBXGroup;
			children = (
				C1EB16F41A117C56006616EB /* Info.plist */,
				C1EB16F51A117C56006616EB /* main.m */,
			);
			name = "Supporting Files";
			sourceTree = "<group>";
		};
		C1EB170F1A117C56006616EB /* Dial4Tests */ = {
			isa = PBXGroup;
			children = (
				C1EB17121A117C56006616EB /* Dial4Tests.m */,
				C1EB17101A117C56006616EB /* Supporting Files */,
			);
			path = Dial4Tests;
			sourceTree = "<group>";
		};
		C1EB17101A117C56006616EB /* Supporting Files */ = {
			isa = PBXGroup;
			children = (
				C1EB17111A117C56006616EB /* Info.plist */,
			);
			name = "Supporting Files";
			sourceTree = "<group>";
		};
/* End PBXGroup section */

/* Begin PBXNativeTarget section */
		C1EB16EF1A117C56006616EB /* Dial4 */ = {
			isa = PBXNativeTarget;
			buildConfigurationList = C1EB17161A117C56006616EB /* Build configuration list for PBXNativeTarget "Dial4" */;
			buildPhases = (
				C1EB16EC1A117C56006616EB /* Sources */,
				C1EB16ED1A117C56006616EB /* Frameworks */,
				C1EB16EE1A117C56006616EB /* Resources */,
			);
			buildRules = (
			);
			dependencies = (
			);
			name = Dial4;
			productName = Dial4;
			productReference = C1EB16F01A117C56006616EB /* Dial4.app */;
			productType = "com.apple.product-type.application";
		};
		C1EB170B1A117C56006616EB /* Dial4Tests */ = {
			isa = PBXNativeTarget;
			buildConfigurationList = C1EB17191A117C56006616EB /* Build configuration list for PBXNativeTarget "Dial4Tests" */;
			buildPhases = (
				C1EB17081A117C56006616EB /* Sources */,
				C1EB17091A117C56006616EB /* Frameworks */,
				C1EB170A1A117C56006616EB /* Resources */,
			);
			buildRules = (
			);
			dependencies = (
				C1EB170E1A117C56006616EB /* PBXTargetDependency */,
			);
			name = Dial4Tests;
			productName = Dial4Tests;
			productReference = C1EB170C1A117C56006616EB /* Dial4Tests.xctest */;
			productType = "com.apple.product-type.bundle.unit-test";
		};
/* End PBXNativeTarget section */

/* Begin PBXProject section */
		C1EB16E81A117C56006616EB /* Project object */ = {
			isa = PBXProject;
			attributes = {
				LastUpgradeCheck = 0610;
				ORGANIZATIONNAME = "Shanshan ZHAO";
				TargetAttributes = {
					C1EB16EF1A117C56006616EB = {
						CreatedOnToolsVersion = 6.1;
					};
					C1EB170B1A117C56006616EB = {
						CreatedOnToolsVersion = 6.1;
						TestTargetID = C1EB16EF1A117C56006616EB;
					};
				};
			};
			buildConfigurationList = C1EB16EB1A117C56006616EB /* Build configuration list for PBXProject "Dial4" */;
			compatibilityVersion = "Xcode 3.2";
			developmentRegion = English;
			hasScannedForEncodings = 0;
			knownRegions = (
				en,
				Base,
			);
			mainGroup = C1EB16E71A117C56006616EB;
			productRefGroup = C1EB16F11A117C56006616EB /* Products */;
			projectDirPath = "";
			projectRoot = "";
			targets = (
				C1EB16EF1A117C56006616EB /* Dial4 */,
				C1EB170B1A117C56006616EB /* Dial4Tests */,
			);
		};
/* End PBXProject section */

/* Begin PBXResourcesBuildPhase section */
		C1EB16EE1A117C56006616EB /* Resources */ = {
			isa = PBXResourcesBuildPhase;
			buildActionMask = 2147483647;
			files = (
				C1EB17021A117C56006616EB /* Main.storyboard in Resources */,
				C1EB17071A117C56006616EB /* LaunchScreen.xib in Resources */,
				C1EB17041A117C56006616EB /* Images.xcassets in Resources */,
			);
			runOnlyForDeploymentPostprocessing = 0;
		};
		C1EB170A1A117C56006616EB /* Resources */ = {
			isa = PBXResourcesBuildPhase;
			buildActionMask = 2147483647;
			files = (
			);
			runOnlyForDeploymentPostprocessing = 0;
		};
/* End PBXResourcesBuildPhase section */

/* Begin PBXSourcesBuildPhase section */
		C1EB16EC1A117C56006616EB /* Sources */ = {
			isa = PBXSourcesBuildPhase;
			buildActionMask = 2147483647;
			files = (
				C1EB16F91A117C56006616EB /* AppDelegate.m in Sources */,
				C1EB16FC1A117C56006616EB /* MasterViewController.m in Sources */,
				C1EB16F61A117C56006616EB /* main.m in Sources */,
				C1EB16FF1A117C56006616EB /* DetailViewController.m in Sources */,
			);
			runOnlyForDeploymentPostprocessing = 0;
		};
		C1EB17081A117C56006616EB /* Sources */ = {
			isa = PBXSourcesBuildPhase;
			buildActionMask = 2147483647;
			files = (
				C1EB17131A117C56006616EB /* Dial4Tests.m in Sources */,
			);
			runOnlyForDeploymentPostprocessing = 0;
		};
/* End PBXSourcesBuildPhase section */

/* Begin PBXTargetDependency section */
		C1EB170E1A117C56006616EB /* PBXTargetDependency */ = {
			isa = PBXTargetDependency;
			target = C1EB16EF1A117C56006616EB /* Dial4 */;
			targetProxy = C1EB170D1A117C56006616EB /* PBXContainerItemProxy */;
		};
/* End PBXTargetDependency section */

/* Begin PBXVariantGroup section */
		C1EB17001A117C56006616EB /* Main.storyboard */ = {
			isa = PBXVariantGroup;
			children = (
				C1EB17011A117C56006616EB /* Base */,
			);
			name = Main.storyboard;
			sourceTree = "<group>";
		};
		C1EB17051A117C56006616EB /* LaunchScreen.xib */ = {
			isa = PBXVariantGroup;
			children = (
				C1EB17061A117C56006616EB /* Base */,
			);
			name = LaunchScreen.xib;
			sourceTree = "<group>";
		};
/* End PBXVariantGroup section */

/* Begin XCBuildConfiguration section */
		C1EB17141A117C56006616EB /* Debug */ = {
			isa = XCBuildConfiguration;
			buildSettings = {
				ALWAYS_SEARCH_USER_PATHS = NO;
				CLANG_CXX_LANGUAGE_STANDARD = "gnu++0x";
				CLANG_CXX_LIBRARY = "libc++";
				CLANG_ENABLE_MODULES = YES;
				CLANG_ENABLE_OBJC_ARC = YES;
				CLANG_WARN_BOOL_CONVERSION = YES;
				CLANG_WARN_CONSTANT_CONVERSION = YES;
				CLANG_WARN_DIRECT_OBJC_ISA_USAGE = YES_ERROR;
				CLANG_WARN_EMPTY_BODY = YES;
				CLANG_WARN_ENUM_CONVERSION = YES;
				CLANG_WARN_INT_CONVERSION = YES;
				CLANG_WARN_OBJC_ROOT_CLASS = YES_ERROR;
				CLANG_WARN_UNREACHABLE_CODE = YES;
				CLANG_WARN__DUPLICATE_METHOD_MATCH = YES;
				"CODE_SIGN_IDENTITY[sdk=iphoneos*]" = "iPhone Developer";
				COPY_PHASE_STRIP = NO;
				ENABLE_STRICT_OBJC_MSGSEND = YES;
				GCC_C_LANGUAGE_STANDARD = gnu99;
				GCC_DYNAMIC_NO_PIC = NO;
				GCC_OPTIMIZATION_LEVEL = 0;
				GCC_PREPROCESSOR_DEFINITIONS = (
					"DEBUG=1",
					"$(inherited)",
				);
				GCC_SYMBOLS_PRIVATE_EXTERN = NO;
				GCC_WARN_64_TO_32_BIT_CONVERSION = YES;
				GCC_WARN_ABOUT_RETURN_TYPE = YES_ERROR;
				GCC_WARN_UNDECLARED_SELECTOR = YES;
				GCC_WARN_UNINITIALIZED_AUTOS = YES_AGGRESSIVE;
				GCC_WARN_UNUSED_FUNCTION = YES;
				GCC_WARN_UNUSED_VARIABLE = YES;
				IPHONEOS_DEPLOYMENT_TARGET = 8.1;
				MTL_ENABLE_DEBUG_INFO = YES;
				ONLY_ACTIVE_ARCH = YES;
				SDKROOT = iphoneos;
				TARGETED_DEVICE_FAMILY = "1,2";
			};
			name = Debug;
		};
		C1EB17151A117C56006616EB /* Release */ = {
			isa = XCBuildConfiguration;
			buildSettings = {
				ALWAYS_SEARCH_USER_PATHS = NO;
				CLANG_CXX_LANGUAGE_STANDARD = "gnu++0x";
				CLANG_CXX_LIBRARY = "libc++";
				CLANG_ENABLE_MODULES = YES;
				CLANG_ENABLE_OBJC_ARC = YES;
				CLANG_WARN_BOOL_CONVERSION = YES;
				CLANG_WARN_CONSTANT_CONVERSION = YES;
				CLANG_WARN_DIRECT_OBJC_ISA_USAGE = YES_ERROR;
				CLANG_WARN_EMPTY_BODY = YES;
				CLANG_WARN_ENUM_CONVERSION = YES;
				CLANG_WARN_INT_CONVERSION = YES;
				CLANG_WARN_OBJC_ROOT_CLASS = YES_ERROR;
				CLANG_WARN_UNREACHABLE_CODE = YES;
				CLANG_WARN__DUPLICATE_METHOD_MATCH = YES;
				"CODE_SIGN_IDENTITY[sdk=iphoneos*]" = "iPhone Developer";
				COPY_PHASE_STRIP = YES;
				ENABLE_NS_ASSERTIONS = NO;
				ENABLE_STRICT_OBJC_MSGSEND = YES;
				GCC_C_LANGUAGE_STANDARD = gnu99;
				GCC_WARN_64_TO_32_BIT_CONVERSION = YES;
				GCC_WARN_ABOUT_RETURN_TYPE = YES_ERROR;
				GCC_WARN_UNDECLARED_SELECTOR = YES;
				GCC_WARN_UNINITIALIZED_AUTOS = YES_AGGRESSIVE;
				GCC_WARN_UNUSED_FUNCTION = YES;
				GCC_WARN_UNUSED_VARIABLE = YES;
				IPHONEOS_DEPLOYMENT_TARGET = 8.1;
				MTL_ENABLE_DEBUG_INFO = NO;
				SDKROOT = iphoneos;
				TARGETED_DEVICE_FAMILY = "1,2";
				VALIDATE_PRODUCT = YES;
			};
			name = Release;
		};
		C1EB17171A117C56006616EB /* Debug */ = {
			isa = XCBuildConfiguration;
			buildSettings = {
				ASSETCATALOG_COMPILER_APPICON_NAME = AppIcon;
				INFOPLIST_FILE = Dial4/Info.plist;
				LD_RUNPATH_SEARCH_PATHS = "$(inherited) @executable_path/Frameworks";
				PRODUCT_NAME = "$(TARGET_NAME)";
			};
			name = Debug;
		};
		C1EB17181A117C56006616EB /* Release */ = {
			isa = XCBuildConfiguration;
			buildSettings = {
				ASSETCATALOG_COMPILER_APPICON_NAME = AppIcon;
				INFOPLIST_FILE = Dial4/Info.plist;
				LD_RUNPATH_SEARCH_PATHS = "$(inherited) @executable_path/Frameworks";
				PRODUCT_NAME = "$(TARGET_NAME)";
			};
			name = Release;
		};
		C1EB171A1A117C56006616EB /* Debug */ = {
			isa = XCBuildConfiguration;
			buildSettings = {
				BUNDLE_LOADER = "$(TEST_HOST)";
				FRAMEWORK_SEARCH_PATHS = (
					"$(SDKROOT)/Developer/Library/Frameworks",
					"$(inherited)",
				);
				GCC_PREPROCESSOR_DEFINITIONS = (
					"DEBUG=1",
					"$(inherited)",
				);
				INFOPLIST_FILE = Dial4Tests/Info.plist;
				LD_RUNPATH_SEARCH_PATHS = "$(inherited) @executable_path/Frameworks @loader_path/Frameworks";
				PRODUCT_NAME = "$(TARGET_NAME)";
				TEST_HOST = "$(BUILT_PRODUCTS_DIR)/Dial4.app/Dial4";
			};
			name = Debug;
		};
		C1EB171B1A117C56006616EB /* Release */ = {
			isa = XCBuildConfiguration;
			buildSettings = {
				BUNDLE_LOADER = "$(TEST_HOST)";
				FRAMEWORK_SEARCH_PATHS = (
					"$(SDKROOT)/Developer/Library/Frameworks",
					"$(inherited)",
				);
				INFOPLIST_FILE = Dial4Tests/Info.plist;
				LD_RUNPATH_SEARCH_PATHS = "$(inherited) @executable_path/Frameworks @loader_path/Frameworks";
				PRODUCT_NAME = "$(TARGET_NAME)";
				TEST_HOST = "$(BUILT_PRODUCTS_DIR)/Dial4.app/Dial4";
			};
			name = Release;
		};
/* End XCBuildConfiguration section */

/* Begin XCConfigurationList section */
		C1EB16EB1A117C56006616EB /* Build configuration list for PBXProject "Dial4" */ = {
			isa = XCConfigurationList;
			buildConfigurations = (
				C1EB17141A117C56006616EB /* Debug */,
				C1EB17151A117C56006616EB /* Release */,
			);
			defaultConfigurationIsVisible = 0;
			defaultConfigurationName = Release;
		};
		C1EB17161A117C56006616EB /* Build configuration list for PBXNativeTarget "Dial4" */ = {
			isa = XCConfigurationList;
			buildConfigurations = (
				C1EB17171A117C56006616EB /* Debug */,
				C1EB17181A117C56006616EB /* Release */,
			);
			defaultConfigurationIsVisible = 0;
		};
		C1EB17191A117C56006616EB /* Build configuration list for PBXNativeTarget "Dial4Tests" */ = {
			isa = XCConfigurationList;
			buildConfigurations = (
				C1EB171A1A117C56006616EB /* Debug */,
				C1EB171B1A117C56006616EB /* Release */,
			);
			defaultConfigurationIsVisible = 0;
		};
/* End XCConfigurationList section */
	};
	rootObject = C1EB16E81A117C56006616EB /* Project object */;
}
